
Microsoft Visual Studio Solution File, Format Version 12.00
# Visual Studio 15
VisualStudioVersion = 15.0.27130.2020
MinimumVisualStudioVersion = 10.0.40219.1
Project("{FAE04EC0-301F-11D3-BF4B-00C04F79EFBC}") = "VirtualPet", "ConsoleApp14\VirtualPet.csproj", "{A9F115FC-5658-4E31-AF03-F340B1573E59}"
EndProject
Global
	GlobalSection(SolutionConfigurationPlatforms) = preSolution
		Debug|Any CPU = Debug|Any CPU
		Release|Any CPU = Release|Any CPU
	EndGlobalSection
	GlobalSection(ProjectConfigurationPlatforms) = postSolution
		{A9F115FC-5658-4E31-AF03-F340B1573E59}.Debug|Any CPU.ActiveCfg = Debug|Any CPU
		{A9F115FC-5658-4E31-AF03-F340B1573E59}.Debug|Any CPU.Build.0 = Debug|Any CPU
		{A9F115FC-5658-4E31-AF03-F340B1573E59}.Release|Any CPU.ActiveCfg = Release|Any CPU
		{A9F115FC-5658-4E31-AF03-F340B1573E59}.Release|Any CPU.Build.0 = Release|Any CPU
	EndGlobalSection
	GlobalSection(SolutionProperties) = preSolution
		HideSolutionNode = FALSE
	EndGlobalSection
	GlobalSection(ExtensibilityGlobals) = postSolution
		SolutionGuid = {D3D4126F-F48B-4896-BF8D-4AA789915894}
	EndGlobalSection
EndGlobal
